
Microsoft Visual Studio Solution File, Format Version 12.00
# Visual Studio Version 16
VisualStudioVersion = 16.0.30907.101
MinimumVisualStudioVersion = 10.0.40219.1
Project("{FAE04EC0-301F-11D3-BF4B-00C04F79EFBC}") = "Worker", "Worker\Worker.csproj", "{5D76759C-C273-4C58-8E0B-43A2FFE8A324}"
EndProject
Project("{FAE04EC0-301F-11D3-BF4B-00C04F79EFBC}") = "Producer", "Producer\Producer.csproj", "{A2B83CBE-F7F9-455C-8756-517D6A5BA6CE}"
EndProject
Project("{9A19103F-16F7-4668-BE54-9A1E7A4F7556}") = "WorkQueue.Common", "WorkQueue.Common\WorkQueue.Common.csproj", "{0F7C73EB-A799-4929-B75C-7F25612FA22F}"
EndProject
Global
	GlobalSection(SolutionConfigurationPlatforms) = preSolution
		Debug|Any CPU = Debug|Any CPU
		Release|Any CPU = Release|Any CPU
	EndGlobalSection
	GlobalSection(ProjectConfigurationPlatforms) = postSolution
		{5D76759C-C273-4C58-8E0B-43A2FFE8A324}.Debug|Any CPU.ActiveCfg = Debug|Any CPU
		{5D76759C-C273-4C58-8E0B-43A2FFE8A324}.Debug|Any CPU.Build.0 = Debug|Any CPU
		{5D76759C-C273-4C58-8E0B-43A2FFE8A324}.Release|Any CPU.ActiveCfg = Release|Any CPU
		{5D76759C-C273-4C58-8E0B-43A2FFE8A324}.Release|Any CPU.Build.0 = Release|Any CPU
		{A2B83CBE-F7F9-455C-8756-517D6A5BA6CE}.Debug|Any CPU.ActiveCfg = Debug|Any CPU
		{A2B83CBE-F7F9-455C-8756-517D6A5BA6CE}.Debug|Any CPU.Build.0 = Debug|Any CPU
		{A2B83CBE-F7F9-455C-8756-517D6A5BA6CE}.Release|Any CPU.ActiveCfg = Release|Any CPU
		{A2B83CBE-F7F9-455C-8756-517D6A5BA6CE}.Release|Any CPU.Build.0 = Release|Any CPU
		{0F7C73EB-A799-4929-B75C-7F25612FA22F}.Debug|Any CPU.ActiveCfg = Debug|Any CPU
		{0F7C73EB-A799-4929-B75C-7F25612FA22F}.Debug|Any CPU.Build.0 = Debug|Any CPU
		{0F7C73EB-A799-4929-B75C-7F25612FA22F}.Release|Any CPU.ActiveCfg = Release|Any CPU
		{0F7C73EB-A799-4929-B75C-7F25612FA22F}.Release|Any CPU.Build.0 = Release|Any CPU
	EndGlobalSection
	GlobalSection(SolutionProperties) = preSolution
		HideSolutionNode = FALSE
	EndGlobalSection
	GlobalSection(ExtensibilityGlobals) = postSolution
		SolutionGuid = {8AC82C7D-ADC1-4F87-9F13-435FE2D614BD}
	EndGlobalSection
EndGlobal
