
Microsoft Visual Studio Solution File, Format Version 12.00
# Visual Studio Version 16
VisualStudioVersion = 16.0.30907.101
MinimumVisualStudioVersion = 10.0.40219.1
Project("{FAE04EC0-301F-11D3-BF4B-00C04F79EFBC}") = "LogProducer", "LogProducer\LogProducer.csproj", "{0C225B3D-2799-4071-940C-77AA4B7BC7B4}"
EndProject
Project("{FAE04EC0-301F-11D3-BF4B-00C04F79EFBC}") = "LogConsumer1", "LogConsumer1\LogConsumer1.csproj", "{A93360CD-7BDE-44BD-B260-CF736576CFA0}"
EndProject
Project("{FAE04EC0-301F-11D3-BF4B-00C04F79EFBC}") = "LogConsumer2", "LogConsumer2\LogConsumer2.csproj", "{A136AB41-11E1-4913-8799-0A18F039A48C}"
EndProject
Global
	GlobalSection(SolutionConfigurationPlatforms) = preSolution
		Debug|Any CPU = Debug|Any CPU
		Release|Any CPU = Release|Any CPU
	EndGlobalSection
	GlobalSection(ProjectConfigurationPlatforms) = postSolution
		{0C225B3D-2799-4071-940C-77AA4B7BC7B4}.Debug|Any CPU.ActiveCfg = Debug|Any CPU
		{0C225B3D-2799-4071-940C-77AA4B7BC7B4}.Debug|Any CPU.Build.0 = Debug|Any CPU
		{0C225B3D-2799-4071-940C-77AA4B7BC7B4}.Release|Any CPU.ActiveCfg = Release|Any CPU
		{0C225B3D-2799-4071-940C-77AA4B7BC7B4}.Release|Any CPU.Build.0 = Release|Any CPU
		{A93360CD-7BDE-44BD-B260-CF736576CFA0}.Debug|Any CPU.ActiveCfg = Debug|Any CPU
		{A93360CD-7BDE-44BD-B260-CF736576CFA0}.Debug|Any CPU.Build.0 = Debug|Any CPU
		{A93360CD-7BDE-44BD-B260-CF736576CFA0}.Release|Any CPU.ActiveCfg = Release|Any CPU
		{A93360CD-7BDE-44BD-B260-CF736576CFA0}.Release|Any CPU.Build.0 = Release|Any CPU
		{A136AB41-11E1-4913-8799-0A18F039A48C}.Debug|Any CPU.ActiveCfg = Debug|Any CPU
		{A136AB41-11E1-4913-8799-0A18F039A48C}.Debug|Any CPU.Build.0 = Debug|Any CPU
		{A136AB41-11E1-4913-8799-0A18F039A48C}.Release|Any CPU.ActiveCfg = Release|Any CPU
		{A136AB41-11E1-4913-8799-0A18F039A48C}.Release|Any CPU.Build.0 = Release|Any CPU
	EndGlobalSection
	GlobalSection(SolutionProperties) = preSolution
		HideSolutionNode = FALSE
	EndGlobalSection
	GlobalSection(ExtensibilityGlobals) = postSolution
		SolutionGuid = {0D4443DD-A428-4239-954B-5DC1F3906492}
	EndGlobalSection
EndGlobal
